
Microsoft Visual Studio Solution File, Format Version 12.00
# Visual Studio 15
VisualStudioVersion = 15.0.27130.2027
MinimumVisualStudioVersion = 10.0.40219.1
Project("{2150E333-8FDC-42A3-9474-1A3956D46DE8}") = "build", "build", "{D7BA51DD-5B95-43AF-AFBE-95C1180EE728}"
	ProjectSection(SolutionItems) = preProject
		build\dealogic.snk = build\dealogic.snk
		GitVersion.yml = GitVersion.yml
	EndProjectSection
EndProject
Project("{9A19103F-16F7-4668-BE54-9A1E7A4F7556}") = "Dealogic.ServiceBus.Azure.ApplicationInsights", "src\Dealogic.ServiceBus.Azure.ApplicationInsights\Dealogic.ServiceBus.Azure.ApplicationInsights.csproj", "{C413D963-91EB-4CE5-926D-2B75E7B239F1}"
EndProject
Project("{FAE04EC0-301F-11D3-BF4B-00C04F79EFBC}") = "Dealogic.ServiceBus.Azure.ApplicationInsights.UnitTest", "src\Dealogic.ServiceBus.Azure.ApplicationInsights.UnitTest\Dealogic.ServiceBus.Azure.ApplicationInsights.UnitTest.csproj", "{55E215F3-9637-47A4-955A-0FE74A0E91EA}"
EndProject
Project("{2150E333-8FDC-42A3-9474-1A3956D46DE8}") = "solutionitems", "solutionitems", "{8D019701-649F-46C9-9D12-41D7C41C9C95}"
	ProjectSection(SolutionItems) = preProject
		LICENCE = LICENCE
		README.md = README.md
	EndProjectSection
EndProject
Global
	GlobalSection(SolutionConfigurationPlatforms) = preSolution
		Debug|Any CPU = Debug|Any CPU
		Release|Any CPU = Release|Any CPU
	EndGlobalSection
	GlobalSection(ProjectConfigurationPlatforms) = postSolution
		{C413D963-91EB-4CE5-926D-2B75E7B239F1}.Debug|Any CPU.ActiveCfg = Debug|Any CPU
		{C413D963-91EB-4CE5-926D-2B75E7B239F1}.Debug|Any CPU.Build.0 = Debug|Any CPU
		{C413D963-91EB-4CE5-926D-2B75E7B239F1}.Release|Any CPU.ActiveCfg = Release|Any CPU
		{C413D963-91EB-4CE5-926D-2B75E7B239F1}.Release|Any CPU.Build.0 = Release|Any CPU
		{55E215F3-9637-47A4-955A-0FE74A0E91EA}.Debug|Any CPU.ActiveCfg = Debug|Any CPU
		{55E215F3-9637-47A4-955A-0FE74A0E91EA}.Debug|Any CPU.Build.0 = Debug|Any CPU
		{55E215F3-9637-47A4-955A-0FE74A0E91EA}.Release|Any CPU.ActiveCfg = Release|Any CPU
		{55E215F3-9637-47A4-955A-0FE74A0E91EA}.Release|Any CPU.Build.0 = Release|Any CPU
	EndGlobalSection
	GlobalSection(SolutionProperties) = preSolution
		HideSolutionNode = FALSE
	EndGlobalSection
	GlobalSection(ExtensibilityGlobals) = postSolution
		SolutionGuid = {D48AC107-B99C-4193-AE07-9E9D08D17713}
	EndGlobalSection
EndGlobal
